<?xml version="1.0" encoding="utf-8"?>
<Project ToolsVersion="4.0" xmlns="http://schemas.microsoft.com/developer/msbuild/2003">
  <ItemGroup>
    <ClCompile Include="..\Classes\AppDelegate.cpp" />
    <ClCompile Include="..\Classes\Backpack.cpp" />
    <ClCompile Include="..\Classes\BaseMapLayer.cpp" />
    <ClCompile Include="..\Classes\Festival.cpp" />
    <ClCompile Include="..\Classes\Forest.cpp" />
    <ClCompile Include="..\Classes\MainMenuScene.cpp" />
    <ClCompile Include="..\Classes\Mine.cpp" />
    <ClCompile Include="..\Classes\Player.cpp" />
    <ClCompile Include="..\Classes\SceneManager.cpp" />
    <ClCompile Include="..\Classes\shop.cpp" />
    <ClCompile Include="..\Classes\Test.cpp" />
    <ClCompile Include="..\Classes\Toolbar.cpp" />
    <ClCompile Include="..\Classes\Tree.cpp" />
    <ClCompile Include="main.cpp" />
    <ClCompile Include="..\Classes\UI.cpp" />
  </ItemGroup>
  <ItemGroup>
<<<<<<< HEAD
    <ClCompile Include="main.cpp">
      <Filter>win32</Filter>
    </ClCompile>
    <ClCompile Include="..\Classes\AppDelegate.cpp">
      <Filter>src</Filter>
    </ClCompile>
    <ClCompile Include="..\Classes\BaseMapLayer.cpp">
      <Filter>src</Filter>
    </ClCompile>
    <ClCompile Include="..\Classes\Player.cpp">
      <Filter>src</Filter>
    </ClCompile>
    <ClCompile Include="..\Classes\Forest.cpp">
      <Filter>src</Filter>
    </ClCompile>
    <ClCompile Include="..\Classes\MainMenuScene.cpp">
      <Filter>src</Filter>
    </ClCompile>
    <ClCompile Include="..\Classes\Test.cpp">
      <Filter>src</Filter>
    </ClCompile>
    <ClCompile Include="..\Classes\SceneManager.cpp">
      <Filter>src</Filter>
    </ClCompile>
    <ClCompile Include="..\Classes\Toolbar.cpp">
      <Filter>src</Filter>
    </ClCompile>
    <ClCompile Include="..\Classes\Tree.cpp">
      <Filter>src</Filter>
    </ClCompile>
    <ClCompile Include="..\Classes\Mine.cpp">
      <Filter>src</Filter>
    </ClCompile>
    <ClCompile Include="..\Classes\Backpack.cpp">
      <Filter>src</Filter>
    </ClCompile>
    <ClCompile Include="..\Classes\Festival.cpp">
      <Filter>src</Filter>
    </ClCompile>
    <ClCompile Include="..\Classes\shop.cpp">
      <Filter>src</Filter>
    </ClCompile>
    <ClCompile Include="..\Classes\MyFarm.cpp">
      <Filter>src</Filter>
    </ClCompile>
    <ClCompile Include="..\Classes\House.cpp">
      <Filter>src</Filter>
    </ClCompile>
    <ClCompile Include="..\Classes\xuanting.cpp">
      <Filter>src</Filter>
    </ClCompile>
    <ClCompile Include="..\Classes\GameTimeUI.cpp">
      <Filter>src</Filter>
    </ClCompile>
  </ItemGroup>
  <ItemGroup>
    <ClInclude Include="main.h">
      <Filter>win32</Filter>
    </ClInclude>
    <ClInclude Include="..\Classes\AppDelegate.h">
      <Filter>src</Filter>
    </ClInclude>
    <ClInclude Include="..\Classes\BaseMapLayer.h">
      <Filter>src</Filter>
    </ClInclude>
    <ClInclude Include="..\Classes\Player.h">
      <Filter>src</Filter>
    </ClInclude>
    <ClInclude Include="..\Classes\Forest.h">
      <Filter>src</Filter>
    </ClInclude>
    <ClInclude Include="..\Classes\MainMenuScene.h">
      <Filter>src</Filter>
    </ClInclude>
    <ClInclude Include="..\Classes\Test.h">
      <Filter>src</Filter>
    </ClInclude>
    <ClInclude Include="..\Classes\Crop.h">
      <Filter>src</Filter>
    </ClInclude>
    <ClInclude Include="..\Classes\Farm.h">
      <Filter>src</Filter>
    </ClInclude>
    <ClInclude Include="..\Classes\SceneManager.h">
      <Filter>src</Filter>
    </ClInclude>
    <ClInclude Include="..\Classes\Toolbar.h">
      <Filter>src</Filter>
    </ClInclude>
    <ClInclude Include="..\Classes\Tree.h">
      <Filter>src</Filter>
    </ClInclude>
    <ClInclude Include="..\Classes\Mine.h">
      <Filter>src</Filter>
    </ClInclude>
    <ClInclude Include="..\Classes\Backpack.h">
      <Filter>src</Filter>
    </ClInclude>
    <ClInclude Include="..\Classes\Festival.h">
      <Filter>src</Filter>
    </ClInclude>
    <ClInclude Include="..\Classes\shop.h">
      <Filter>src</Filter>
    </ClInclude>
    <ClInclude Include="..\classes\TimeManager.h">
      <Filter>src</Filter>
    </ClInclude>
    <ClInclude Include="..\Classes\House.h">
      <Filter>src</Filter>
    </ClInclude>
    <ClInclude Include="..\Classes\MyFarm.h">
      <Filter>src</Filter>
    </ClInclude>
    <ClInclude Include="..\Classes\GameTimeUI.h">
      <Filter>src</Filter>
    </ClInclude>
  </ItemGroup>
  <ItemGroup>
    <ResourceCompile Include="game.rc">
      <Filter>resource</Filter>
    </ResourceCompile>
=======
    <ClInclude Include="..\Classes\AppDelegate.h" />
    <ClInclude Include="..\Classes\Backpack.h" />
    <ClInclude Include="..\Classes\BaseMapLayer.h" />
    <ClInclude Include="..\Classes\Festival.h" />
    <ClInclude Include="..\Classes\Forest.h" />
    <ClInclude Include="..\Classes\MainMenuScene.h" />
    <ClInclude Include="..\Classes\Mine.h" />
    <ClInclude Include="..\Classes\Player.h" />
    <ClInclude Include="..\Classes\SceneManager.h" />
    <ClInclude Include="..\Classes\shop.h" />
    <ClInclude Include="..\Classes\Test.h" />
    <ClInclude Include="..\classes\TimeManager.h" />
    <ClInclude Include="..\Classes\Toolbar.h" />
    <ClInclude Include="..\Classes\Tree.h" />
    <ClInclude Include="main.h" />
    <ClInclude Include="..\Classes\UI.h" />
  </ItemGroup>
  <ItemGroup>
    <ResourceCompile Include="game.rc" />
>>>>>>> d841b37f330871413230ac34b19f244d8218b63f
  </ItemGroup>
</Project>